// !$*UTF8*$!
{
	archiveVersion = 1;
	classes = {
	};
	objectVersion = 46;
	objects = {

/* Begin PBXBuildFile section */
		23E47247327DCFAF5E7917CD /* Pods_IMPCoreImageMTLKernel.framework in Frameworks */ = {isa = PBXBuildFile; fileRef = 0304B6194AB7245AC225362C /* Pods_IMPCoreImageMTLKernel.framework */; };
		311B40C91E4767320038894E /* AppDelegate.swift in Sources */ = {isa = PBXBuildFile; fileRef = 311B40C81E4767320038894E /* AppDelegate.swift */; };
		311B40CB1E4767320038894E /* ViewController.swift in Sources */ = {isa = PBXBuildFile; fileRef = 311B40CA1E4767320038894E /* ViewController.swift */; };
		311B40CE1E4767320038894E /* Main.storyboard in Resources */ = {isa = PBXBuildFile; fileRef = 311B40CC1E4767320038894E /* Main.storyboard */; };
		311B40D01E4767320038894E /* Assets.xcassets in Resources */ = {isa = PBXBuildFile; fileRef = 311B40CF1E4767320038894E /* Assets.xcassets */; };
		311B40D31E4767320038894E /* LaunchScreen.storyboard in Resources */ = {isa = PBXBuildFile; fileRef = 311B40D11E4767320038894E /* LaunchScreen.storyboard */; };
		311B40E51E47767C0038894E /* IMPCoreImage.metal in Sources */ = {isa = PBXBuildFile; fileRef = 311B40E41E47767C0038894E /* IMPCoreImage.metal */; };
		311B40ED1E4787C90038894E /* Images.xcassets in Resources */ = {isa = PBXBuildFile; fileRef = 311B40EC1E4787C90038894E /* Images.xcassets */; };
/* End PBXBuildFile section */

/* Begin PBXFileReference section */
		0304B6194AB7245AC225362C /* Pods_IMPCoreImageMTLKernel.framework */ = {isa = PBXFileReference; explicitFileType = wrapper.framework; includeInIndex = 0; path = Pods_IMPCoreImageMTLKernel.framework; sourceTree = BUILT_PRODUCTS_DIR; };
		311B40C51E4767320038894E /* IMPCoreImageMTLKernel.app */ = {isa = PBXFileReference; explicitFileType = wrapper.application; includeInIndex = 0; path = IMPCoreImageMTLKernel.app; sourceTree = BUILT_PRODUCTS_DIR; };
		311B40C81E4767320038894E /* AppDelegate.swift */ = {isa = PBXFileReference; lastKnownFileType = sourcecode.swift; path = AppDelegate.swift; sourceTree = "<group>"; };
		311B40CA1E4767320038894E /* ViewController.swift */ = {isa = PBXFileReference; lastKnownFileType = sourcecode.swift; path = ViewController.swift; sourceTree = "<group>"; };
		311B40CD1E4767320038894E /* Base */ = {isa = PBXFileReference; lastKnownFileType = file.storyboard; name = Base; path = Base.lproj/Main.storyboard; sourceTree = "<group>"; };
		311B40CF1E4767320038894E /* Assets.xcassets */ = {isa = PBXFileReference; lastKnownFileType = folder.assetcatalog; path = Assets.xcassets; sourceTree = "<group>"; };
		311B40D21E4767320038894E /* Base */ = {isa = PBXFileReference; lastKnownFileType = file.storyboard; name = Base; path = Base.lproj/LaunchScreen.storyboard; sourceTree = "<group>"; };
		311B40D41E4767320038894E /* Info.plist */ = {isa = PBXFileReference; lastKnownFileType = text.plist.xml; path = Info.plist; sourceTree = "<group>"; };
		311B40E41E47767C0038894E /* IMPCoreImage.metal */ = {isa = PBXFileReference; fileEncoding = 4; lastKnownFileType = sourcecode.metal; path = IMPCoreImage.metal; sourceTree = "<group>"; };
		311B40EC1E4787C90038894E /* Images.xcassets */ = {isa = PBXFileReference; lastKnownFileType = folder.assetcatalog; path = Images.xcassets; sourceTree = "<group>"; };
		33A43B111EDB86B0FCC59FED /* Pods-IMPCoreImageMTLKernel.release.xcconfig */ = {isa = PBXFileReference; includeInIndex = 1; lastKnownFileType = text.xcconfig; name = "Pods-IMPCoreImageMTLKernel.release.xcconfig"; path = "Pods/Target Support Files/Pods-IMPCoreImageMTLKernel/Pods-IMPCoreImageMTLKernel.release.xcconfig"; sourceTree = "<group>"; };
		ADB2CE9D262404F1D364B088 /* Pods-IMPCoreImageMTLKernel.debug.xcconfig */ = {isa = PBXFileReference; includeInIndex = 1; lastKnownFileType = text.xcconfig; name = "Pods-IMPCoreImageMTLKernel.debug.xcconfig"; path = "Pods/Target Support Files/Pods-IMPCoreImageMTLKernel/Pods-IMPCoreImageMTLKernel.debug.xcconfig"; sourceTree = "<group>"; };
/* End PBXFileReference section */

/* Begin PBXFrameworksBuildPhase section */
		311B40C21E4767320038894E /* Frameworks */ = {
			isa = PBXFrameworksBuildPhase;
			buildActionMask = 2147483647;
			files = (
				23E47247327DCFAF5E7917CD /* Pods_IMPCoreImageMTLKernel.framework in Frameworks */,
			);
			runOnlyForDeploymentPostprocessing = 0;
		};
/* End PBXFrameworksBuildPhase section */

/* Begin PBXGroup section */
		311B40BC1E4767320038894E = {
			isa = PBXGroup;
			children = (
				311B40C71E4767320038894E /* IMPCoreImageMTLKernel */,
				311B40C61E4767320038894E /* Products */,
				A2A4EB88D693D2E7C6182300 /* Pods */,
				5CE461F96279ECEECBD2DFF5 /* Frameworks */,
			);
			sourceTree = "<group>";
		};
		311B40C61E4767320038894E /* Products */ = {
			isa = PBXGroup;
			children = (
				311B40C51E4767320038894E /* IMPCoreImageMTLKernel.app */,
			);
			name = Products;
			sourceTree = "<group>";
		};
		311B40C71E4767320038894E /* IMPCoreImageMTLKernel */ = {
			isa = PBXGroup;
			children = (
				311B40E31E4776680038894E /* Shaders */,
				311B40C81E4767320038894E /* AppDelegate.swift */,
				311B40CA1E4767320038894E /* ViewController.swift */,
				311B40CC1E4767320038894E /* Main.storyboard */,
				311B40CF1E4767320038894E /* Assets.xcassets */,
				311B40EC1E4787C90038894E /* Images.xcassets */,
				311B40D11E4767320038894E /* LaunchScreen.storyboard */,
				311B40D41E4767320038894E /* Info.plist */,
			);
			path = IMPCoreImageMTLKernel;
			sourceTree = "<group>";
		};
		311B40E31E4776680038894E /* Shaders */ = {
			isa = PBXGroup;
			children = (
				311B40E41E47767C0038894E /* IMPCoreImage.metal */,
			);
			name = Shaders;
			sourceTree = "<group>";
		};
		5CE461F96279ECEECBD2DFF5 /* Frameworks */ = {
			isa = PBXGroup;
			children = (
				0304B6194AB7245AC225362C /* Pods_IMPCoreImageMTLKernel.framework */,
			);
			name = Frameworks;
			sourceTree = "<group>";
		};
		A2A4EB88D693D2E7C6182300 /* Pods */ = {
			isa = PBXGroup;
			children = (
				ADB2CE9D262404F1D364B088 /* Pods-IMPCoreImageMTLKernel.debug.xcconfig */,
				33A43B111EDB86B0FCC59FED /* Pods-IMPCoreImageMTLKernel.release.xcconfig */,
			);
			name = Pods;
			sourceTree = "<group>";
		};
/* End PBXGroup section */

/* Begin PBXNativeTarget section */
		311B40C41E4767320038894E /* IMPCoreImageMTLKernel */ = {
			isa = PBXNativeTarget;
			buildConfigurationList = 311B40D71E4767320038894E /* Build configuration list for PBXNativeTarget "IMPCoreImageMTLKernel" */;
			buildPhases = (
				2AC1E89CF2F5CC03554BE016 /* [CP] Check Pods Manifest.lock */,
				311B40C11E4767320038894E /* Sources */,
				311B40C21E4767320038894E /* Frameworks */,
				311B40C31E4767320038894E /* Resources */,
				37174D19F96CB0B13ECED073 /* [CP] Embed Pods Frameworks */,
				13924C6A027D9343D8536DE9 /* [CP] Copy Pods Resources */,
			);
			buildRules = (
			);
			dependencies = (
			);
			name = IMPCoreImageMTLKernel;
			productName = IMPCoreImageMTLKernel;
			productReference = 311B40C51E4767320038894E /* IMPCoreImageMTLKernel.app */;
			productType = "com.apple.product-type.application";
		};
/* End PBXNativeTarget section */

/* Begin PBXProject section */
		311B40BD1E4767320038894E /* Project object */ = {
			isa = PBXProject;
			attributes = {
				LastSwiftUpdateCheck = 0820;
				LastUpgradeCheck = 0820;
				ORGANIZATIONNAME = Dehancer;
				TargetAttributes = {
					311B40C41E4767320038894E = {
						CreatedOnToolsVersion = 8.2.1;
						DevelopmentTeam = TCA85S5T49;
						LastSwiftMigration = 0820;
						ProvisioningStyle = Automatic;
					};
				};
			};
			buildConfigurationList = 311B40C01E4767320038894E /* Build configuration list for PBXProject "IMPCoreImageMTLKernel" */;
			compatibilityVersion = "Xcode 3.2";
			developmentRegion = English;
			hasScannedForEncodings = 0;
			knownRegions = (
				en,
				Base,
			);
			mainGroup = 311B40BC1E4767320038894E;
			productRefGroup = 311B40C61E4767320038894E /* Products */;
			projectDirPath = "";
			projectRoot = "";
			targets = (
				311B40C41E4767320038894E /* IMPCoreImageMTLKernel */,
			);
		};
/* End PBXProject section */

/* Begin PBXResourcesBuildPhase section */
		311B40C31E4767320038894E /* Resources */ = {
			isa = PBXResourcesBuildPhase;
			buildActionMask = 2147483647;
			files = (
				311B40D31E4767320038894E /* LaunchScreen.storyboard in Resources */,
				311B40ED1E4787C90038894E /* Images.xcassets in Resources */,
				311B40D01E4767320038894E /* Assets.xcassets in Resources */,
				311B40CE1E4767320038894E /* Main.storyboard in Resources */,
			);
			runOnlyForDeploymentPostprocessing = 0;
		};
/* End PBXResourcesBuildPhase section */

/* Begin PBXShellScriptBuildPhase section */
		13924C6A027D9343D8536DE9 /* [CP] Copy Pods Resources */ = {
			isa = PBXShellScriptBuildPhase;
			buildActionMask = 2147483647;
			files = (
			);
			inputPaths = (
			);
			name = "[CP] Copy Pods Resources";
			outputPaths = (
			);
			runOnlyForDeploymentPostprocessing = 0;
			shellPath = /bin/sh;
			shellScript = "\"${SRCROOT}/Pods/Target Support Files/Pods-IMPCoreImageMTLKernel/Pods-IMPCoreImageMTLKernel-resources.sh\"\n";
			showEnvVarsInLog = 0;
		};
		2AC1E89CF2F5CC03554BE016 /* [CP] Check Pods Manifest.lock */ = {
			isa = PBXShellScriptBuildPhase;
			buildActionMask = 2147483647;
			files = (
			);
			inputPaths = (
			);
			name = "[CP] Check Pods Manifest.lock";
			outputPaths = (
			);
			runOnlyForDeploymentPostprocessing = 0;
			shellPath = /bin/sh;
			shellScript = "diff \"${PODS_ROOT}/../Podfile.lock\" \"${PODS_ROOT}/Manifest.lock\" > /dev/null\nif [ $? != 0 ] ; then\n    # print error to STDERR\n    echo \"error: The sandbox is not in sync with the Podfile.lock. Run 'pod install' or update your CocoaPods installation.\" >&2\n    exit 1\nfi\n";
			showEnvVarsInLog = 0;
		};
		37174D19F96CB0B13ECED073 /* [CP] Embed Pods Frameworks */ = {
			isa = PBXShellScriptBuildPhase;
			buildActionMask = 2147483647;
			files = (
			);
			inputPaths = (
			);
			name = "[CP] Embed Pods Frameworks";
			outputPaths = (
			);
			runOnlyForDeploymentPostprocessing = 0;
			shellPath = /bin/sh;
			shellScript = "\"${SRCROOT}/Pods/Target Support Files/Pods-IMPCoreImageMTLKernel/Pods-IMPCoreImageMTLKernel-frameworks.sh\"\n";
			showEnvVarsInLog = 0;
		};
/* End PBXShellScriptBuildPhase section */

/* Begin PBXSourcesBuildPhase section */
		311B40C11E4767320038894E /* Sources */ = {
			isa = PBXSourcesBuildPhase;
			buildActionMask = 2147483647;
			files = (
				311B40CB1E4767320038894E /* ViewController.swift in Sources */,
				311B40E51E47767C0038894E /* IMPCoreImage.metal in Sources */,
				311B40C91E4767320038894E /* AppDelegate.swift in Sources */,
			);
			runOnlyForDeploymentPostprocessing = 0;
		};
/* End PBXSourcesBuildPhase section */

/* Begin PBXVariantGroup section */
		311B40CC1E4767320038894E /* Main.storyboard */ = {
			isa = PBXVariantGroup;
			children = (
				311B40CD1E4767320038894E /* Base */,
			);
			name = Main.storyboard;
			sourceTree = "<group>";
		};
		311B40D11E4767320038894E /* LaunchScreen.storyboard */ = {
			isa = PBXVariantGroup;
			children = (
				311B40D21E4767320038894E /* Base */,
			);
			name = LaunchScreen.storyboard;
			sourceTree = "<group>";
		};
/* End PBXVariantGroup section */

/* Begin XCBuildConfiguration section */
		311B40D51E4767320038894E /* Debug */ = {
			isa = XCBuildConfiguration;
			buildSettings = {
				ALWAYS_SEARCH_USER_PATHS = NO;
				CLANG_ANALYZER_NONNULL = YES;
				CLANG_CXX_LANGUAGE_STANDARD = "gnu++0x";
				CLANG_CXX_LIBRARY = "libc++";
				CLANG_ENABLE_MODULES = YES;
				CLANG_ENABLE_OBJC_ARC = YES;
				CLANG_WARN_BOOL_CONVERSION = YES;
				CLANG_WARN_CONSTANT_CONVERSION = YES;
				CLANG_WARN_DIRECT_OBJC_ISA_USAGE = YES_ERROR;
				CLANG_WARN_DOCUMENTATION_COMMENTS = YES;
				CLANG_WARN_EMPTY_BODY = YES;
				CLANG_WARN_ENUM_CONVERSION = YES;
				CLANG_WARN_INFINITE_RECURSION = YES;
				CLANG_WARN_INT_CONVERSION = YES;
				CLANG_WARN_OBJC_ROOT_CLASS = YES_ERROR;
				CLANG_WARN_SUSPICIOUS_MOVE = YES;
				CLANG_WARN_UNREACHABLE_CODE = YES;
				CLANG_WARN__DUPLICATE_METHOD_MATCH = YES;
				"CODE_SIGN_IDENTITY[sdk=iphoneos*]" = "iPhone Developer";
				COPY_PHASE_STRIP = NO;
				DEBUG_INFORMATION_FORMAT = "dwarf-with-dsym";
				ENABLE_STRICT_OBJC_MSGSEND = YES;
				ENABLE_TESTABILITY = YES;
				GCC_C_LANGUAGE_STANDARD = gnu99;
				GCC_DYNAMIC_NO_PIC = NO;
				GCC_NO_COMMON_BLOCKS = YES;
				GCC_OPTIMIZATION_LEVEL = 0;
				GCC_PREPROCESSOR_DEFINITIONS = (
					"DEBUG=1",
					"$(inherited)",
				);
				GCC_WARN_64_TO_32_BIT_CONVERSION = YES;
				GCC_WARN_ABOUT_RETURN_TYPE = YES_ERROR;
				GCC_WARN_UNDECLARED_SELECTOR = YES;
				GCC_WARN_UNINITIALIZED_AUTOS = YES_AGGRESSIVE;
				GCC_WARN_UNUSED_FUNCTION = YES;
				GCC_WARN_UNUSED_VARIABLE = YES;
				IPHONEOS_DEPLOYMENT_TARGET = 10.0;
				MTL_ENABLE_DEBUG_INFO = YES;
				ONLY_ACTIVE_ARCH = YES;
				SDKROOT = iphoneos;
				SWIFT_ACTIVE_COMPILATION_CONDITIONS = DEBUG;
				SWIFT_OPTIMIZATION_LEVEL = "-Onone";
			};
			name = Debug;
		};
		311B40D61E4767320038894E /* Release */ = {
			isa = XCBuildConfiguration;
			buildSettings = {
				ALWAYS_SEARCH_USER_PATHS = NO;
				CLANG_ANALYZER_NONNULL = YES;
				CLANG_CXX_LANGUAGE_STANDARD = "gnu++0x";
				CLANG_CXX_LIBRARY = "libc++";
				CLANG_ENABLE_MODULES = YES;
				CLANG_ENABLE_OBJC_ARC = YES;
				CLANG_WARN_BOOL_CONVERSION = YES;
				CLANG_WARN_CONSTANT_CONVERSION = YES;
				CLANG_WARN_DIRECT_OBJC_ISA_USAGE = YES_ERROR;
				CLANG_WARN_DOCUMENTATION_COMMENTS = YES;
				CLANG_WARN_EMPTY_BODY = YES;
				CLANG_WARN_ENUM_CONVERSION = YES;
				CLANG_WARN_INFINITE_RECURSION = YES;
				CLANG_WARN_INT_CONVERSION = YES;
				CLANG_WARN_OBJC_ROOT_CLASS = YES_ERROR;
				CLANG_WARN_SUSPICIOUS_MOVE = YES;
				CLANG_WARN_UNREACHABLE_CODE = YES;
				CLANG_WARN__DUPLICATE_METHOD_MATCH = YES;
				"CODE_SIGN_IDENTITY[sdk=iphoneos*]" = "iPhone Developer";
				COPY_PHASE_STRIP = NO;
				DEBUG_INFORMATION_FORMAT = "dwarf-with-dsym";
				ENABLE_NS_ASSERTIONS = NO;
				ENABLE_STRICT_OBJC_MSGSEND = YES;
				GCC_C_LANGUAGE_STANDARD = gnu99;
				GCC_NO_COMMON_BLOCKS = YES;
				GCC_WARN_64_TO_32_BIT_CONVERSION = YES;
				GCC_WARN_ABOUT_RETURN_TYPE = YES_ERROR;
				GCC_WARN_UNDECLARED_SELECTOR = YES;
				GCC_WARN_UNINITIALIZED_AUTOS = YES_AGGRESSIVE;
				GCC_WARN_UNUSED_FUNCTION = YES;
				GCC_WARN_UNUSED_VARIABLE = YES;
				IPHONEOS_DEPLOYMENT_TARGET = 10.0;
				MTL_ENABLE_DEBUG_INFO = NO;
				SDKROOT = iphoneos;
				SWIFT_OPTIMIZATION_LEVEL = "-Owholemodule";
				VALIDATE_PRODUCT = YES;
			};
			name = Release;
		};
		311B40D81E4767320038894E /* Debug */ = {
			isa = XCBuildConfiguration;
			baseConfigurationReference = ADB2CE9D262404F1D364B088 /* Pods-IMPCoreImageMTLKernel.debug.xcconfig */;
			buildSettings = {
				ALWAYS_EMBED_SWIFT_STANDARD_LIBRARIES = YES;
				ASSETCATALOG_COMPILER_APPICON_NAME = AppIcon;
				CLANG_ENABLE_MODULES = YES;
				DEBUG_INFORMATION_FORMAT = "dwarf-with-dsym";
				DEVELOPMENT_TEAM = TCA85S5T49;
				INFOPLIST_FILE = IMPCoreImageMTLKernel/Info.plist;
				IPHONEOS_DEPLOYMENT_TARGET = 10.0;
				LD_RUNPATH_SEARCH_PATHS = "$(inherited) @executable_path/Frameworks";
				PRODUCT_BUNDLE_IDENTIFIER = Dehancer.IMPCoreImageMTLKernel;
				PRODUCT_NAME = "$(TARGET_NAME)";
				SWIFT_OBJC_BRIDGING_HEADER = "";
				SWIFT_OPTIMIZATION_LEVEL = "-Onone";
				SWIFT_VERSION = 3.0;
			};
			name = Debug;
		};
		311B40D91E4767320038894E /* Release */ = {
			isa = XCBuildConfiguration;
			baseConfigurationReference = 33A43B111EDB86B0FCC59FED /* Pods-IMPCoreImageMTLKernel.release.xcconfig */;
			buildSettings = {
				ALWAYS_EMBED_SWIFT_STANDARD_LIBRARIES = YES;
				ASSETCATALOG_COMPILER_APPICON_NAME = AppIcon;
				CLANG_ENABLE_MODULES = YES;
				DEVELOPMENT_TEAM = TCA85S5T49;
				INFOPLIST_FILE = IMPCoreImageMTLKernel/Info.plist;
				IPHONEOS_DEPLOYMENT_TARGET = 10.0;
				LD_RUNPATH_SEARCH_PATHS = "$(inherited) @executable_path/Frameworks";
				PRODUCT_BUNDLE_IDENTIFIER = Dehancer.IMPCoreImageMTLKernel;
				PRODUCT_NAME = "$(TARGET_NAME)";
				SWIFT_OBJC_BRIDGING_HEADER = "";
				SWIFT_VERSION = 3.0;
			};
			name = Release;
		};
/* End XCBuildConfiguration section */

/* Begin XCConfigurationList section */
		311B40C01E4767320038894E /* Build configuration list for PBXProject "IMPCoreImageMTLKernel" */ = {
			isa = XCConfigurationList;
			buildConfigurations = (
				311B40D51E4767320038894E /* Debug */,
				311B40D61E4767320038894E /* Release */,
			);
			defaultConfigurationIsVisible = 0;
			defaultConfigurationName = Release;
		};
		311B40D71E4767320038894E /* Build configuration list for PBXNativeTarget "IMPCoreImageMTLKernel" */ = {
			isa = XCConfigurationList;
			buildConfigurations = (
				311B40D81E4767320038894E /* Debug */,
				311B40D91E4767320038894E /* Release */,
			);
			defaultConfigurationIsVisible = 0;
			defaultConfigurationName = Release;
		};
/* End XCConfigurationList section */
	};
	rootObject = 311B40BD1E4767320038894E /* Project object */;
}
