// !$*UTF8*$!
{
	archiveVersion = 1;
	classes = {
	};
	objectVersion = 46;
	objects = {

/* Begin PBXBuildFile section */
		313DDA5A1E966C45000D2C1F /* AppDelegate.swift in Sources */ = {isa = PBXBuildFile; fileRef = 313DDA591E966C45000D2C1F /* AppDelegate.swift */; };
		313DDA5C1E966C45000D2C1F /* ViewController.swift in Sources */ = {isa = PBXBuildFile; fileRef = 313DDA5B1E966C45000D2C1F /* ViewController.swift */; };
		313DDA5F1E966C45000D2C1F /* Main.storyboard in Resources */ = {isa = PBXBuildFile; fileRef = 313DDA5D1E966C45000D2C1F /* Main.storyboard */; };
		313DDA611E966C45000D2C1F /* Assets.xcassets in Resources */ = {isa = PBXBuildFile; fileRef = 313DDA601E966C45000D2C1F /* Assets.xcassets */; };
		313DDA641E966C45000D2C1F /* LaunchScreen.storyboard in Resources */ = {isa = PBXBuildFile; fileRef = 313DDA621E966C45000D2C1F /* LaunchScreen.storyboard */; };
		31DC2C081E966D8600FE3F7C /* IMPCamera_main.metal in Sources */ = {isa = PBXBuildFile; fileRef = 31DC2C071E966D8600FE3F7C /* IMPCamera_main.metal */; };
		31DC2C0A1E966EA800FE3F7C /* IMPCanvas.swift in Sources */ = {isa = PBXBuildFile; fileRef = 31DC2C091E966EA800FE3F7C /* IMPCanvas.swift */; };
		A8A8CB2E61A5B331375FF1EF /* Pods_IMPCChekerTest.framework in Frameworks */ = {isa = PBXBuildFile; fileRef = 93B45347C1CD66C894CF1FAF /* Pods_IMPCChekerTest.framework */; };
/* End PBXBuildFile section */

/* Begin PBXFileReference section */
		313DDA561E966C45000D2C1F /* IMPCChekerTest.app */ = {isa = PBXFileReference; explicitFileType = wrapper.application; includeInIndex = 0; path = IMPCChekerTest.app; sourceTree = BUILT_PRODUCTS_DIR; };
		313DDA591E966C45000D2C1F /* AppDelegate.swift */ = {isa = PBXFileReference; lastKnownFileType = sourcecode.swift; path = AppDelegate.swift; sourceTree = "<group>"; };
		313DDA5B1E966C45000D2C1F /* ViewController.swift */ = {isa = PBXFileReference; lastKnownFileType = sourcecode.swift; path = ViewController.swift; sourceTree = "<group>"; };
		313DDA5E1E966C45000D2C1F /* Base */ = {isa = PBXFileReference; lastKnownFileType = file.storyboard; name = Base; path = Base.lproj/Main.storyboard; sourceTree = "<group>"; };
		313DDA601E966C45000D2C1F /* Assets.xcassets */ = {isa = PBXFileReference; lastKnownFileType = folder.assetcatalog; path = Assets.xcassets; sourceTree = "<group>"; };
		313DDA631E966C45000D2C1F /* Base */ = {isa = PBXFileReference; lastKnownFileType = file.storyboard; name = Base; path = Base.lproj/LaunchScreen.storyboard; sourceTree = "<group>"; };
		313DDA651E966C45000D2C1F /* Info.plist */ = {isa = PBXFileReference; lastKnownFileType = text.plist.xml; path = Info.plist; sourceTree = "<group>"; };
		31DC2C071E966D8600FE3F7C /* IMPCamera_main.metal */ = {isa = PBXFileReference; fileEncoding = 4; lastKnownFileType = sourcecode.metal; path = IMPCamera_main.metal; sourceTree = "<group>"; };
		31DC2C091E966EA800FE3F7C /* IMPCanvas.swift */ = {isa = PBXFileReference; fileEncoding = 4; lastKnownFileType = sourcecode.swift; path = IMPCanvas.swift; sourceTree = "<group>"; };
		9234443A69859575935EB10D /* Pods-IMPCChekerTest.release.xcconfig */ = {isa = PBXFileReference; includeInIndex = 1; lastKnownFileType = text.xcconfig; name = "Pods-IMPCChekerTest.release.xcconfig"; path = "Pods/Target Support Files/Pods-IMPCChekerTest/Pods-IMPCChekerTest.release.xcconfig"; sourceTree = "<group>"; };
		93B45347C1CD66C894CF1FAF /* Pods_IMPCChekerTest.framework */ = {isa = PBXFileReference; explicitFileType = wrapper.framework; includeInIndex = 0; path = Pods_IMPCChekerTest.framework; sourceTree = BUILT_PRODUCTS_DIR; };
		E9EBE4D0DF8AD187CCE49864 /* Pods-IMPCChekerTest.debug.xcconfig */ = {isa = PBXFileReference; includeInIndex = 1; lastKnownFileType = text.xcconfig; name = "Pods-IMPCChekerTest.debug.xcconfig"; path = "Pods/Target Support Files/Pods-IMPCChekerTest/Pods-IMPCChekerTest.debug.xcconfig"; sourceTree = "<group>"; };
/* End PBXFileReference section */

/* Begin PBXFrameworksBuildPhase section */
		313DDA531E966C45000D2C1F /* Frameworks */ = {
			isa = PBXFrameworksBuildPhase;
			buildActionMask = 2147483647;
			files = (
				A8A8CB2E61A5B331375FF1EF /* Pods_IMPCChekerTest.framework in Frameworks */,
			);
			runOnlyForDeploymentPostprocessing = 0;
		};
/* End PBXFrameworksBuildPhase section */

/* Begin PBXGroup section */
		313DDA4D1E966C45000D2C1F = {
			isa = PBXGroup;
			children = (
				313DDA581E966C45000D2C1F /* IMPCChekerTest */,
				313DDA571E966C45000D2C1F /* Products */,
				8EC34DA77A9B35108E81CD45 /* Pods */,
				D00BBCB6D22AB3844D622511 /* Frameworks */,
			);
			sourceTree = "<group>";
		};
		313DDA571E966C45000D2C1F /* Products */ = {
			isa = PBXGroup;
			children = (
				313DDA561E966C45000D2C1F /* IMPCChekerTest.app */,
			);
			name = Products;
			sourceTree = "<group>";
		};
		313DDA581E966C45000D2C1F /* IMPCChekerTest */ = {
			isa = PBXGroup;
			children = (
				31DC2C061E966D8600FE3F7C /* Shaders */,
				313DDA591E966C45000D2C1F /* AppDelegate.swift */,
				313DDA5B1E966C45000D2C1F /* ViewController.swift */,
				31DC2C091E966EA800FE3F7C /* IMPCanvas.swift */,
				313DDA5D1E966C45000D2C1F /* Main.storyboard */,
				313DDA601E966C45000D2C1F /* Assets.xcassets */,
				313DDA621E966C45000D2C1F /* LaunchScreen.storyboard */,
				313DDA651E966C45000D2C1F /* Info.plist */,
			);
			path = IMPCChekerTest;
			sourceTree = "<group>";
		};
		31DC2C061E966D8600FE3F7C /* Shaders */ = {
			isa = PBXGroup;
			children = (
				31DC2C071E966D8600FE3F7C /* IMPCamera_main.metal */,
			);
			path = Shaders;
			sourceTree = "<group>";
		};
		8EC34DA77A9B35108E81CD45 /* Pods */ = {
			isa = PBXGroup;
			children = (
				E9EBE4D0DF8AD187CCE49864 /* Pods-IMPCChekerTest.debug.xcconfig */,
				9234443A69859575935EB10D /* Pods-IMPCChekerTest.release.xcconfig */,
			);
			name = Pods;
			sourceTree = "<group>";
		};
		D00BBCB6D22AB3844D622511 /* Frameworks */ = {
			isa = PBXGroup;
			children = (
				93B45347C1CD66C894CF1FAF /* Pods_IMPCChekerTest.framework */,
			);
			name = Frameworks;
			sourceTree = "<group>";
		};
/* End PBXGroup section */

/* Begin PBXNativeTarget section */
		313DDA551E966C45000D2C1F /* IMPCChekerTest */ = {
			isa = PBXNativeTarget;
			buildConfigurationList = 313DDA681E966C45000D2C1F /* Build configuration list for PBXNativeTarget "IMPCChekerTest" */;
			buildPhases = (
				86A400226F65FE51B8C14A9D /* [CP] Check Pods Manifest.lock */,
				313DDA521E966C45000D2C1F /* Sources */,
				313DDA531E966C45000D2C1F /* Frameworks */,
				313DDA541E966C45000D2C1F /* Resources */,
				D5B25946B2AD5A362C3B3FCC /* [CP] Embed Pods Frameworks */,
				C150A607B9B6B8603CEC26EE /* [CP] Copy Pods Resources */,
			);
			buildRules = (
			);
			dependencies = (
			);
			name = IMPCChekerTest;
			productName = IMPCChekerTest;
			productReference = 313DDA561E966C45000D2C1F /* IMPCChekerTest.app */;
			productType = "com.apple.product-type.application";
		};
/* End PBXNativeTarget section */

/* Begin PBXProject section */
		313DDA4E1E966C45000D2C1F /* Project object */ = {
			isa = PBXProject;
			attributes = {
				LastSwiftUpdateCheck = 0830;
				LastUpgradeCheck = 0830;
				ORGANIZATIONNAME = Dehancer;
				TargetAttributes = {
					313DDA551E966C45000D2C1F = {
						CreatedOnToolsVersion = 8.3;
						DevelopmentTeam = TCA85S5T49;
						ProvisioningStyle = Automatic;
					};
				};
			};
			buildConfigurationList = 313DDA511E966C45000D2C1F /* Build configuration list for PBXProject "IMPCChekerTest" */;
			compatibilityVersion = "Xcode 3.2";
			developmentRegion = English;
			hasScannedForEncodings = 0;
			knownRegions = (
				en,
				Base,
			);
			mainGroup = 313DDA4D1E966C45000D2C1F;
			productRefGroup = 313DDA571E966C45000D2C1F /* Products */;
			projectDirPath = "";
			projectRoot = "";
			targets = (
				313DDA551E966C45000D2C1F /* IMPCChekerTest */,
			);
		};
/* End PBXProject section */

/* Begin PBXResourcesBuildPhase section */
		313DDA541E966C45000D2C1F /* Resources */ = {
			isa = PBXResourcesBuildPhase;
			buildActionMask = 2147483647;
			files = (
				313DDA641E966C45000D2C1F /* LaunchScreen.storyboard in Resources */,
				313DDA611E966C45000D2C1F /* Assets.xcassets in Resources */,
				313DDA5F1E966C45000D2C1F /* Main.storyboard in Resources */,
			);
			runOnlyForDeploymentPostprocessing = 0;
		};
/* End PBXResourcesBuildPhase section */

/* Begin PBXShellScriptBuildPhase section */
		86A400226F65FE51B8C14A9D /* [CP] Check Pods Manifest.lock */ = {
			isa = PBXShellScriptBuildPhase;
			buildActionMask = 2147483647;
			files = (
			);
			inputPaths = (
			);
			name = "[CP] Check Pods Manifest.lock";
			outputPaths = (
			);
			runOnlyForDeploymentPostprocessing = 0;
			shellPath = /bin/sh;
			shellScript = "diff \"${PODS_ROOT}/../Podfile.lock\" \"${PODS_ROOT}/Manifest.lock\" > /dev/null\nif [ $? != 0 ] ; then\n    # print error to STDERR\n    echo \"error: The sandbox is not in sync with the Podfile.lock. Run 'pod install' or update your CocoaPods installation.\" >&2\n    exit 1\nfi\n";
			showEnvVarsInLog = 0;
		};
		C150A607B9B6B8603CEC26EE /* [CP] Copy Pods Resources */ = {
			isa = PBXShellScriptBuildPhase;
			buildActionMask = 2147483647;
			files = (
			);
			inputPaths = (
			);
			name = "[CP] Copy Pods Resources";
			outputPaths = (
			);
			runOnlyForDeploymentPostprocessing = 0;
			shellPath = /bin/sh;
			shellScript = "\"${SRCROOT}/Pods/Target Support Files/Pods-IMPCChekerTest/Pods-IMPCChekerTest-resources.sh\"\n";
			showEnvVarsInLog = 0;
		};
		D5B25946B2AD5A362C3B3FCC /* [CP] Embed Pods Frameworks */ = {
			isa = PBXShellScriptBuildPhase;
			buildActionMask = 2147483647;
			files = (
			);
			inputPaths = (
			);
			name = "[CP] Embed Pods Frameworks";
			outputPaths = (
			);
			runOnlyForDeploymentPostprocessing = 0;
			shellPath = /bin/sh;
			shellScript = "\"${SRCROOT}/Pods/Target Support Files/Pods-IMPCChekerTest/Pods-IMPCChekerTest-frameworks.sh\"\n";
			showEnvVarsInLog = 0;
		};
/* End PBXShellScriptBuildPhase section */

/* Begin PBXSourcesBuildPhase section */
		313DDA521E966C45000D2C1F /* Sources */ = {
			isa = PBXSourcesBuildPhase;
			buildActionMask = 2147483647;
			files = (
				31DC2C0A1E966EA800FE3F7C /* IMPCanvas.swift in Sources */,
				313DDA5C1E966C45000D2C1F /* ViewController.swift in Sources */,
				31DC2C081E966D8600FE3F7C /* IMPCamera_main.metal in Sources */,
				313DDA5A1E966C45000D2C1F /* AppDelegate.swift in Sources */,
			);
			runOnlyForDeploymentPostprocessing = 0;
		};
/* End PBXSourcesBuildPhase section */

/* Begin PBXVariantGroup section */
		313DDA5D1E966C45000D2C1F /* Main.storyboard */ = {
			isa = PBXVariantGroup;
			children = (
				313DDA5E1E966C45000D2C1F /* Base */,
			);
			name = Main.storyboard;
			sourceTree = "<group>";
		};
		313DDA621E966C45000D2C1F /* LaunchScreen.storyboard */ = {
			isa = PBXVariantGroup;
			children = (
				313DDA631E966C45000D2C1F /* Base */,
			);
			name = LaunchScreen.storyboard;
			sourceTree = "<group>";
		};
/* End PBXVariantGroup section */

/* Begin XCBuildConfiguration section */
		313DDA661E966C45000D2C1F /* Debug */ = {
			isa = XCBuildConfiguration;
			buildSettings = {
				ALWAYS_SEARCH_USER_PATHS = NO;
				CLANG_ANALYZER_NONNULL = YES;
				CLANG_ANALYZER_NUMBER_OBJECT_CONVERSION = YES_AGGRESSIVE;
				CLANG_CXX_LANGUAGE_STANDARD = "gnu++0x";
				CLANG_CXX_LIBRARY = "libc++";
				CLANG_ENABLE_MODULES = YES;
				CLANG_ENABLE_OBJC_ARC = YES;
				CLANG_WARN_BOOL_CONVERSION = YES;
				CLANG_WARN_CONSTANT_CONVERSION = YES;
				CLANG_WARN_DIRECT_OBJC_ISA_USAGE = YES_ERROR;
				CLANG_WARN_DOCUMENTATION_COMMENTS = YES;
				CLANG_WARN_EMPTY_BODY = YES;
				CLANG_WARN_ENUM_CONVERSION = YES;
				CLANG_WARN_INFINITE_RECURSION = YES;
				CLANG_WARN_INT_CONVERSION = YES;
				CLANG_WARN_OBJC_ROOT_CLASS = YES_ERROR;
				CLANG_WARN_SUSPICIOUS_MOVE = YES;
				CLANG_WARN_UNREACHABLE_CODE = YES;
				CLANG_WARN__DUPLICATE_METHOD_MATCH = YES;
				"CODE_SIGN_IDENTITY[sdk=iphoneos*]" = "iPhone Developer";
				COPY_PHASE_STRIP = NO;
				DEBUG_INFORMATION_FORMAT = dwarf;
				ENABLE_BITCODE = NO;
				ENABLE_STRICT_OBJC_MSGSEND = YES;
				ENABLE_TESTABILITY = YES;
				GCC_C_LANGUAGE_STANDARD = gnu99;
				GCC_DYNAMIC_NO_PIC = NO;
				GCC_NO_COMMON_BLOCKS = YES;
				GCC_OPTIMIZATION_LEVEL = 0;
				GCC_PREPROCESSOR_DEFINITIONS = (
					"DEBUG=1",
					"$(inherited)",
				);
				GCC_WARN_64_TO_32_BIT_CONVERSION = YES;
				GCC_WARN_ABOUT_RETURN_TYPE = YES_ERROR;
				GCC_WARN_UNDECLARED_SELECTOR = YES;
				GCC_WARN_UNINITIALIZED_AUTOS = YES_AGGRESSIVE;
				GCC_WARN_UNUSED_FUNCTION = YES;
				GCC_WARN_UNUSED_VARIABLE = YES;
				IPHONEOS_DEPLOYMENT_TARGET = 10.3;
				MTL_ENABLE_DEBUG_INFO = YES;
				ONLY_ACTIVE_ARCH = YES;
				SDKROOT = iphoneos;
				SWIFT_ACTIVE_COMPILATION_CONDITIONS = DEBUG;
				SWIFT_OPTIMIZATION_LEVEL = "-Onone";
			};
			name = Debug;
		};
		313DDA671E966C45000D2C1F /* Release */ = {
			isa = XCBuildConfiguration;
			buildSettings = {
				ALWAYS_SEARCH_USER_PATHS = NO;
				CLANG_ANALYZER_NONNULL = YES;
				CLANG_ANALYZER_NUMBER_OBJECT_CONVERSION = YES_AGGRESSIVE;
				CLANG_CXX_LANGUAGE_STANDARD = "gnu++0x";
				CLANG_CXX_LIBRARY = "libc++";
				CLANG_ENABLE_MODULES = YES;
				CLANG_ENABLE_OBJC_ARC = YES;
				CLANG_WARN_BOOL_CONVERSION = YES;
				CLANG_WARN_CONSTANT_CONVERSION = YES;
				CLANG_WARN_DIRECT_OBJC_ISA_USAGE = YES_ERROR;
				CLANG_WARN_DOCUMENTATION_COMMENTS = YES;
				CLANG_WARN_EMPTY_BODY = YES;
				CLANG_WARN_ENUM_CONVERSION = YES;
				CLANG_WARN_INFINITE_RECURSION = YES;
				CLANG_WARN_INT_CONVERSION = YES;
				CLANG_WARN_OBJC_ROOT_CLASS = YES_ERROR;
				CLANG_WARN_SUSPICIOUS_MOVE = YES;
				CLANG_WARN_UNREACHABLE_CODE = YES;
				CLANG_WARN__DUPLICATE_METHOD_MATCH = YES;
				"CODE_SIGN_IDENTITY[sdk=iphoneos*]" = "iPhone Developer";
				COPY_PHASE_STRIP = NO;
				DEBUG_INFORMATION_FORMAT = "dwarf-with-dsym";
				ENABLE_BITCODE = NO;
				ENABLE_NS_ASSERTIONS = NO;
				ENABLE_STRICT_OBJC_MSGSEND = YES;
				GCC_C_LANGUAGE_STANDARD = gnu99;
				GCC_NO_COMMON_BLOCKS = YES;
				GCC_WARN_64_TO_32_BIT_CONVERSION = YES;
				GCC_WARN_ABOUT_RETURN_TYPE = YES_ERROR;
				GCC_WARN_UNDECLARED_SELECTOR = YES;
				GCC_WARN_UNINITIALIZED_AUTOS = YES_AGGRESSIVE;
				GCC_WARN_UNUSED_FUNCTION = YES;
				GCC_WARN_UNUSED_VARIABLE = YES;
				IPHONEOS_DEPLOYMENT_TARGET = 10.3;
				MTL_ENABLE_DEBUG_INFO = NO;
				SDKROOT = iphoneos;
				SWIFT_OPTIMIZATION_LEVEL = "-Owholemodule";
				VALIDATE_PRODUCT = YES;
			};
			name = Release;
		};
		313DDA691E966C45000D2C1F /* Debug */ = {
			isa = XCBuildConfiguration;
			baseConfigurationReference = E9EBE4D0DF8AD187CCE49864 /* Pods-IMPCChekerTest.debug.xcconfig */;
			buildSettings = {
				ASSETCATALOG_COMPILER_APPICON_NAME = AppIcon;
				DEVELOPMENT_TEAM = TCA85S5T49;
				ENABLE_BITCODE = NO;
				INFOPLIST_FILE = IMPCChekerTest/Info.plist;
				IPHONEOS_DEPLOYMENT_TARGET = 10.2;
				LD_RUNPATH_SEARCH_PATHS = "$(inherited) @executable_path/Frameworks";
				PRODUCT_BUNDLE_IDENTIFIER = Dehancer.IMPCChekerTest;
				PRODUCT_NAME = "$(TARGET_NAME)";
				SWIFT_VERSION = 3.0;
			};
			name = Debug;
		};
		313DDA6A1E966C45000D2C1F /* Release */ = {
			isa = XCBuildConfiguration;
			baseConfigurationReference = 9234443A69859575935EB10D /* Pods-IMPCChekerTest.release.xcconfig */;
			buildSettings = {
				ASSETCATALOG_COMPILER_APPICON_NAME = AppIcon;
				DEVELOPMENT_TEAM = TCA85S5T49;
				ENABLE_BITCODE = NO;
				INFOPLIST_FILE = IMPCChekerTest/Info.plist;
				IPHONEOS_DEPLOYMENT_TARGET = 10.2;
				LD_RUNPATH_SEARCH_PATHS = "$(inherited) @executable_path/Frameworks";
				PRODUCT_BUNDLE_IDENTIFIER = Dehancer.IMPCChekerTest;
				PRODUCT_NAME = "$(TARGET_NAME)";
				SWIFT_VERSION = 3.0;
			};
			name = Release;
		};
/* End XCBuildConfiguration section */

/* Begin XCConfigurationList section */
		313DDA511E966C45000D2C1F /* Build configuration list for PBXProject "IMPCChekerTest" */ = {
			isa = XCConfigurationList;
			buildConfigurations = (
				313DDA661E966C45000D2C1F /* Debug */,
				313DDA671E966C45000D2C1F /* Release */,
			);
			defaultConfigurationIsVisible = 0;
			defaultConfigurationName = Release;
		};
		313DDA681E966C45000D2C1F /* Build configuration list for PBXNativeTarget "IMPCChekerTest" */ = {
			isa = XCConfigurationList;
			buildConfigurations = (
				313DDA691E966C45000D2C1F /* Debug */,
				313DDA6A1E966C45000D2C1F /* Release */,
			);
			defaultConfigurationIsVisible = 0;
			defaultConfigurationName = Release;
		};
/* End XCConfigurationList section */
	};
	rootObject = 313DDA4E1E966C45000D2C1F /* Project object */;
}
