// !$*UTF8*$!
{
	archiveVersion = 1;
	classes = {
	};
	objectVersion = 46;
	objects = {

/* Begin PBXBuildFile section */
		2C46FA4E6F180CB336946925 /* Pods_IMPCameraManager.framework in Frameworks */ = {isa = PBXBuildFile; fileRef = 832E7C664916882581B6B378 /* Pods_IMPCameraManager.framework */; };
		3161D1971E58517C00273F0D /* AppDelegate.swift in Sources */ = {isa = PBXBuildFile; fileRef = 3161D1961E58517C00273F0D /* AppDelegate.swift */; };
		3161D1991E58517C00273F0D /* ViewController.swift in Sources */ = {isa = PBXBuildFile; fileRef = 3161D1981E58517C00273F0D /* ViewController.swift */; };
		3161D19C1E58517C00273F0D /* Main.storyboard in Resources */ = {isa = PBXBuildFile; fileRef = 3161D19A1E58517C00273F0D /* Main.storyboard */; };
		3161D19E1E58517C00273F0D /* Assets.xcassets in Resources */ = {isa = PBXBuildFile; fileRef = 3161D19D1E58517C00273F0D /* Assets.xcassets */; };
		3161D1A11E58517C00273F0D /* LaunchScreen.storyboard in Resources */ = {isa = PBXBuildFile; fileRef = 3161D19F1E58517C00273F0D /* LaunchScreen.storyboard */; };
		316A3CD61E585857005BB909 /* IMPCamera_main.metal in Sources */ = {isa = PBXBuildFile; fileRef = 316A3CD51E585857005BB909 /* IMPCamera_main.metal */; };
		316A3D111E586FD8005BB909 /* Images.xcassets in Resources */ = {isa = PBXBuildFile; fileRef = 316A3D101E586FD8005BB909 /* Images.xcassets */; };
		31C8B82C1E5DCFA2004436EA /* IMPPhotoPlate.swift in Sources */ = {isa = PBXBuildFile; fileRef = 31C8B7EB1E5DCFA2004436EA /* IMPPhotoPlate.swift */; };
		31C8B82D1E5DCFA2004436EA /* IMPQuad.swift in Sources */ = {isa = PBXBuildFile; fileRef = 31C8B7EC1E5DCFA2004436EA /* IMPQuad.swift */; };
		31C8B82E1E5DCFA2004436EA /* IMPTransformModel.swift in Sources */ = {isa = PBXBuildFile; fileRef = 31C8B7ED1E5DCFA2004436EA /* IMPTransformModel.swift */; };
		31C8B82F1E5DCFA2004436EA /* IMPVertices.swift in Sources */ = {isa = PBXBuildFile; fileRef = 31C8B7EE1E5DCFA2004436EA /* IMPVertices.swift */; };
		31C8B8301E5DCFA2004436EA /* IMPFilter.swift in Sources */ = {isa = PBXBuildFile; fileRef = 31C8B7EF1E5DCFA2004436EA /* IMPFilter.swift */; };
		31C8B8311E5DCFA2004436EA /* IMPFunction.swift in Sources */ = {isa = PBXBuildFile; fileRef = 31C8B7F01E5DCFA2004436EA /* IMPFunction.swift */; };
		31C8B8321E5DCFA2004436EA /* IMPShader.swift in Sources */ = {isa = PBXBuildFile; fileRef = 31C8B7F11E5DCFA2004436EA /* IMPShader.swift */; };
		31C8B8331E5DCFA2004436EA /* IMPCIFilter.swift in Sources */ = {isa = PBXBuildFile; fileRef = 31C8B7F31E5DCFA2004436EA /* IMPCIFilter.swift */; };
		31C8B8341E5DCFA2004436EA /* MPSProcessor.swift in Sources */ = {isa = PBXBuildFile; fileRef = 31C8B7F41E5DCFA2004436EA /* MPSProcessor.swift */; };
		31C8B8351E5DCFA2004436EA /* MTLProcessor.swift in Sources */ = {isa = PBXBuildFile; fileRef = 31C8B7F51E5DCFA2004436EA /* MTLProcessor.swift */; };
		31C8B8361E5DCFA2004436EA /* MTLShader.swift in Sources */ = {isa = PBXBuildFile; fileRef = 31C8B7F61E5DCFA2004436EA /* MTLShader.swift */; };
		31C8B8371E5DCFA2004436EA /* IMPColor.swift in Sources */ = {isa = PBXBuildFile; fileRef = 31C8B7FE1E5DCFA2004436EA /* IMPColor.swift */; };
		31C8B8381E5DCFA2004436EA /* IMPContext.swift in Sources */ = {isa = PBXBuildFile; fileRef = 31C8B7FF1E5DCFA2004436EA /* IMPContext.swift */; };
		31C8B8391E5DCFA2004436EA /* IMPNumericTypes.swift in Sources */ = {isa = PBXBuildFile; fileRef = 31C8B8001E5DCFA2004436EA /* IMPNumericTypes.swift */; };
		31C8B83A1E5DCFA2004436EA /* IMPRgbHsv.swift in Sources */ = {isa = PBXBuildFile; fileRef = 31C8B8011E5DCFA2004436EA /* IMPRgbHsv.swift */; };
		31C8B83B1E5DCFA2004436EA /* IMProcessing.swift in Sources */ = {isa = PBXBuildFile; fileRef = 31C8B8021E5DCFA2004436EA /* IMProcessing.swift */; };
		31C8B83C1E5DCFA2004436EA /* IMPSimd.swift in Sources */ = {isa = PBXBuildFile; fileRef = 31C8B8031E5DCFA2004436EA /* IMPSimd.swift */; };
		31C8B83D1E5DCFA2004436EA /* IMPTypeAliases .swift in Sources */ = {isa = PBXBuildFile; fileRef = 31C8B8041E5DCFA2004436EA /* IMPTypeAliases .swift */; };
		31C8B83E1E5DCFA2004436EA /* IMPGaussianBlur.swift in Sources */ = {isa = PBXBuildFile; fileRef = 31C8B8061E5DCFA2004436EA /* IMPGaussianBlur.swift */; };
		31C8B83F1E5DCFA2004436EA /* IMPCameraManager.swift in Sources */ = {isa = PBXBuildFile; fileRef = 31C8B8081E5DCFA2004436EA /* IMPCameraManager.swift */; };
		31C8B8401E5DCFA2004436EA /* IMPMotionManager.swift in Sources */ = {isa = PBXBuildFile; fileRef = 31C8B8091E5DCFA2004436EA /* IMPMotionManager.swift */; };
		31C8B8411E5DCFA2004436EA /* IMPAVSession.swift in Sources */ = {isa = PBXBuildFile; fileRef = 31C8B80B1E5DCFA2004436EA /* IMPAVSession.swift */; };
		31C8B8421E5DCFA2004436EA /* IMPCameraSession.swift in Sources */ = {isa = PBXBuildFile; fileRef = 31C8B80C1E5DCFA2004436EA /* IMPCameraSession.swift */; };
		31C8B8431E5DCFA2004436EA /* IMPGLView.swift in Sources */ = {isa = PBXBuildFile; fileRef = 31C8B80E1E5DCFA2004436EA /* IMPGLView.swift */; };
		31C8B8441E5DCFA2004436EA /* IMPView.swift in Sources */ = {isa = PBXBuildFile; fileRef = 31C8B80F1E5DCFA2004436EA /* IMPView.swift */; };
		31C8B8451E5DCFA2004436EA /* IMPFilterView.swift in Sources */ = {isa = PBXBuildFile; fileRef = 31C8B8111E5DCFA2004436EA /* IMPFilterView.swift */; };
		31C8B8461E5DCFA2004436EA /* IMPDistribution.swift in Sources */ = {isa = PBXBuildFile; fileRef = 31C8B8131E5DCFA2004436EA /* IMPDistribution.swift */; };
		31C8B8471E5DCFA2004436EA /* IMPImage.swift in Sources */ = {isa = PBXBuildFile; fileRef = 31C8B8151E5DCFA2004436EA /* IMPImage.swift */; };
		31C8B8481E5DCFA2004436EA /* IMPImageProvider.swift in Sources */ = {isa = PBXBuildFile; fileRef = 31C8B8161E5DCFA2004436EA /* IMPImageProvider.swift */; };
		31C8B8491E5DCFA2004436EA /* IMPTextureCache.swift in Sources */ = {isa = PBXBuildFile; fileRef = 31C8B8171E5DCFA2004436EA /* IMPTextureCache.swift */; };
		31C8B84A1E5DCFA2004436EA /* IMPTextureDelayLine.swift in Sources */ = {isa = PBXBuildFile; fileRef = 31C8B8181E5DCFA2004436EA /* IMPTextureDelayLine.swift */; };
		31C8B84B1E5DCFA2004436EA /* IMPTextureProvider.swift in Sources */ = {isa = PBXBuildFile; fileRef = 31C8B8191E5DCFA2004436EA /* IMPTextureProvider.swift */; };
		31C8B84C1E5DCFA2004436EA /* IMPVideoCache.swift in Sources */ = {isa = PBXBuildFile; fileRef = 31C8B81A1E5DCFA2004436EA /* IMPVideoCache.swift */; };
		31C8B84D1E5DCFA2004436EA /* IMPDequeue.swift in Sources */ = {isa = PBXBuildFile; fileRef = 31C8B8291E5DCFA2004436EA /* IMPDequeue.swift */; };
		31C8B84E1E5DCFA2004436EA /* IMPQueue.swift in Sources */ = {isa = PBXBuildFile; fileRef = 31C8B82B1E5DCFA2004436EA /* IMPQueue.swift */; };
/* End PBXBuildFile section */

/* Begin PBXFileReference section */
		0B11A808AF1BADA2F66ADBAB /* Pods-IMPCameraManager.debug.xcconfig */ = {isa = PBXFileReference; includeInIndex = 1; lastKnownFileType = text.xcconfig; name = "Pods-IMPCameraManager.debug.xcconfig"; path = "Pods/Target Support Files/Pods-IMPCameraManager/Pods-IMPCameraManager.debug.xcconfig"; sourceTree = "<group>"; };
		3161D1931E58517C00273F0D /* IMPCameraManager.app */ = {isa = PBXFileReference; explicitFileType = wrapper.application; includeInIndex = 0; path = IMPCameraManager.app; sourceTree = BUILT_PRODUCTS_DIR; };
		3161D1961E58517C00273F0D /* AppDelegate.swift */ = {isa = PBXFileReference; lastKnownFileType = sourcecode.swift; path = AppDelegate.swift; sourceTree = "<group>"; };
		3161D1981E58517C00273F0D /* ViewController.swift */ = {isa = PBXFileReference; lastKnownFileType = sourcecode.swift; path = ViewController.swift; sourceTree = "<group>"; };
		3161D19B1E58517C00273F0D /* Base */ = {isa = PBXFileReference; lastKnownFileType = file.storyboard; name = Base; path = Base.lproj/Main.storyboard; sourceTree = "<group>"; };
		3161D19D1E58517C00273F0D /* Assets.xcassets */ = {isa = PBXFileReference; lastKnownFileType = folder.assetcatalog; path = Assets.xcassets; sourceTree = "<group>"; };
		3161D1A01E58517C00273F0D /* Base */ = {isa = PBXFileReference; lastKnownFileType = file.storyboard; name = Base; path = Base.lproj/LaunchScreen.storyboard; sourceTree = "<group>"; };
		3161D1A21E58517C00273F0D /* Info.plist */ = {isa = PBXFileReference; lastKnownFileType = text.plist.xml; path = Info.plist; sourceTree = "<group>"; };
		316A3CD51E585857005BB909 /* IMPCamera_main.metal */ = {isa = PBXFileReference; fileEncoding = 4; lastKnownFileType = sourcecode.metal; name = IMPCamera_main.metal; path = Shaders/IMPCamera_main.metal; sourceTree = "<group>"; };
		316A3D101E586FD8005BB909 /* Images.xcassets */ = {isa = PBXFileReference; lastKnownFileType = folder.assetcatalog; path = Images.xcassets; sourceTree = "<group>"; };
		31C8B7EB1E5DCFA2004436EA /* IMPPhotoPlate.swift */ = {isa = PBXFileReference; fileEncoding = 4; lastKnownFileType = sourcecode.swift; path = IMPPhotoPlate.swift; sourceTree = "<group>"; };
		31C8B7EC1E5DCFA2004436EA /* IMPQuad.swift */ = {isa = PBXFileReference; fileEncoding = 4; lastKnownFileType = sourcecode.swift; path = IMPQuad.swift; sourceTree = "<group>"; };
		31C8B7ED1E5DCFA2004436EA /* IMPTransformModel.swift */ = {isa = PBXFileReference; fileEncoding = 4; lastKnownFileType = sourcecode.swift; path = IMPTransformModel.swift; sourceTree = "<group>"; };
		31C8B7EE1E5DCFA2004436EA /* IMPVertices.swift */ = {isa = PBXFileReference; fileEncoding = 4; lastKnownFileType = sourcecode.swift; path = IMPVertices.swift; sourceTree = "<group>"; };
		31C8B7EF1E5DCFA2004436EA /* IMPFilter.swift */ = {isa = PBXFileReference; fileEncoding = 4; lastKnownFileType = sourcecode.swift; path = IMPFilter.swift; sourceTree = "<group>"; };
		31C8B7F01E5DCFA2004436EA /* IMPFunction.swift */ = {isa = PBXFileReference; fileEncoding = 4; lastKnownFileType = sourcecode.swift; path = IMPFunction.swift; sourceTree = "<group>"; };
		31C8B7F11E5DCFA2004436EA /* IMPShader.swift */ = {isa = PBXFileReference; fileEncoding = 4; lastKnownFileType = sourcecode.swift; path = IMPShader.swift; sourceTree = "<group>"; };
		31C8B7F31E5DCFA2004436EA /* IMPCIFilter.swift */ = {isa = PBXFileReference; fileEncoding = 4; lastKnownFileType = sourcecode.swift; path = IMPCIFilter.swift; sourceTree = "<group>"; };
		31C8B7F41E5DCFA2004436EA /* MPSProcessor.swift */ = {isa = PBXFileReference; fileEncoding = 4; lastKnownFileType = sourcecode.swift; path = MPSProcessor.swift; sourceTree = "<group>"; };
		31C8B7F51E5DCFA2004436EA /* MTLProcessor.swift */ = {isa = PBXFileReference; fileEncoding = 4; lastKnownFileType = sourcecode.swift; path = MTLProcessor.swift; sourceTree = "<group>"; };
		31C8B7F61E5DCFA2004436EA /* MTLShader.swift */ = {isa = PBXFileReference; fileEncoding = 4; lastKnownFileType = sourcecode.swift; path = MTLShader.swift; sourceTree = "<group>"; };
		31C8B7F81E5DCFA2004436EA /* IMPConstants-Bridging-Metal.h */ = {isa = PBXFileReference; fileEncoding = 4; lastKnownFileType = sourcecode.c.h; path = "IMPConstants-Bridging-Metal.h"; sourceTree = "<group>"; };
		31C8B7F91E5DCFA2004436EA /* IMPHistogramTypes-Bridging-Metal.h */ = {isa = PBXFileReference; fileEncoding = 4; lastKnownFileType = sourcecode.c.h; path = "IMPHistogramTypes-Bridging-Metal.h"; sourceTree = "<group>"; };
		31C8B7FA1E5DCFA2004436EA /* IMPOperations-Bridgin-Metal.h */ = {isa = PBXFileReference; fileEncoding = 4; lastKnownFileType = sourcecode.c.h; path = "IMPOperations-Bridgin-Metal.h"; sourceTree = "<group>"; };
		31C8B7FB1E5DCFA2004436EA /* IMProcessing-Bridging-Header.h */ = {isa = PBXFileReference; fileEncoding = 4; lastKnownFileType = sourcecode.c.h; path = "IMProcessing-Bridging-Header.h"; sourceTree = "<group>"; };
		31C8B7FC1E5DCFA2004436EA /* IMPTypes-Bridging-Metal.h */ = {isa = PBXFileReference; fileEncoding = 4; lastKnownFileType = sourcecode.c.h; path = "IMPTypes-Bridging-Metal.h"; sourceTree = "<group>"; };
		31C8B7FE1E5DCFA2004436EA /* IMPColor.swift */ = {isa = PBXFileReference; fileEncoding = 4; lastKnownFileType = sourcecode.swift; path = IMPColor.swift; sourceTree = "<group>"; };
		31C8B7FF1E5DCFA2004436EA /* IMPContext.swift */ = {isa = PBXFileReference; fileEncoding = 4; lastKnownFileType = sourcecode.swift; path = IMPContext.swift; sourceTree = "<group>"; };
		31C8B8001E5DCFA2004436EA /* IMPNumericTypes.swift */ = {isa = PBXFileReference; fileEncoding = 4; lastKnownFileType = sourcecode.swift; path = IMPNumericTypes.swift; sourceTree = "<group>"; };
		31C8B8011E5DCFA2004436EA /* IMPRgbHsv.swift */ = {isa = PBXFileReference; fileEncoding = 4; lastKnownFileType = sourcecode.swift; path = IMPRgbHsv.swift; sourceTree = "<group>"; };
		31C8B8021E5DCFA2004436EA /* IMProcessing.swift */ = {isa = PBXFileReference; fileEncoding = 4; lastKnownFileType = sourcecode.swift; path = IMProcessing.swift; sourceTree = "<group>"; };
		31C8B8031E5DCFA2004436EA /* IMPSimd.swift */ = {isa = PBXFileReference; fileEncoding = 4; lastKnownFileType = sourcecode.swift; path = IMPSimd.swift; sourceTree = "<group>"; };
		31C8B8041E5DCFA2004436EA /* IMPTypeAliases .swift */ = {isa = PBXFileReference; fileEncoding = 4; lastKnownFileType = sourcecode.swift; path = "IMPTypeAliases .swift"; sourceTree = "<group>"; };
		31C8B8061E5DCFA2004436EA /* IMPGaussianBlur.swift */ = {isa = PBXFileReference; fileEncoding = 4; lastKnownFileType = sourcecode.swift; path = IMPGaussianBlur.swift; sourceTree = "<group>"; };
		31C8B8081E5DCFA2004436EA /* IMPCameraManager.swift */ = {isa = PBXFileReference; fileEncoding = 4; lastKnownFileType = sourcecode.swift; path = IMPCameraManager.swift; sourceTree = "<group>"; };
		31C8B8091E5DCFA2004436EA /* IMPMotionManager.swift */ = {isa = PBXFileReference; fileEncoding = 4; lastKnownFileType = sourcecode.swift; path = IMPMotionManager.swift; sourceTree = "<group>"; };
		31C8B80B1E5DCFA2004436EA /* IMPAVSession.swift */ = {isa = PBXFileReference; fileEncoding = 4; lastKnownFileType = sourcecode.swift; path = IMPAVSession.swift; sourceTree = "<group>"; };
		31C8B80C1E5DCFA2004436EA /* IMPCameraSession.swift */ = {isa = PBXFileReference; fileEncoding = 4; lastKnownFileType = sourcecode.swift; path = IMPCameraSession.swift; sourceTree = "<group>"; };
		31C8B80E1E5DCFA2004436EA /* IMPGLView.swift */ = {isa = PBXFileReference; fileEncoding = 4; lastKnownFileType = sourcecode.swift; path = IMPGLView.swift; sourceTree = "<group>"; };
		31C8B80F1E5DCFA2004436EA /* IMPView.swift */ = {isa = PBXFileReference; fileEncoding = 4; lastKnownFileType = sourcecode.swift; path = IMPView.swift; sourceTree = "<group>"; };
		31C8B8111E5DCFA2004436EA /* IMPFilterView.swift */ = {isa = PBXFileReference; fileEncoding = 4; lastKnownFileType = sourcecode.swift; path = IMPFilterView.swift; sourceTree = "<group>"; };
		31C8B8131E5DCFA2004436EA /* IMPDistribution.swift */ = {isa = PBXFileReference; fileEncoding = 4; lastKnownFileType = sourcecode.swift; path = IMPDistribution.swift; sourceTree = "<group>"; };
		31C8B8151E5DCFA2004436EA /* IMPImage.swift */ = {isa = PBXFileReference; fileEncoding = 4; lastKnownFileType = sourcecode.swift; path = IMPImage.swift; sourceTree = "<group>"; };
		31C8B8161E5DCFA2004436EA /* IMPImageProvider.swift */ = {isa = PBXFileReference; fileEncoding = 4; lastKnownFileType = sourcecode.swift; path = IMPImageProvider.swift; sourceTree = "<group>"; };
		31C8B8171E5DCFA2004436EA /* IMPTextureCache.swift */ = {isa = PBXFileReference; fileEncoding = 4; lastKnownFileType = sourcecode.swift; path = IMPTextureCache.swift; sourceTree = "<group>"; };
		31C8B8181E5DCFA2004436EA /* IMPTextureDelayLine.swift */ = {isa = PBXFileReference; fileEncoding = 4; lastKnownFileType = sourcecode.swift; path = IMPTextureDelayLine.swift; sourceTree = "<group>"; };
		31C8B8191E5DCFA2004436EA /* IMPTextureProvider.swift */ = {isa = PBXFileReference; fileEncoding = 4; lastKnownFileType = sourcecode.swift; path = IMPTextureProvider.swift; sourceTree = "<group>"; };
		31C8B81A1E5DCFA2004436EA /* IMPVideoCache.swift */ = {isa = PBXFileReference; fileEncoding = 4; lastKnownFileType = sourcecode.swift; path = IMPVideoCache.swift; sourceTree = "<group>"; };
		31C8B81C1E5DCFA2004436EA /* IMPBlending_metal.h */ = {isa = PBXFileReference; fileEncoding = 4; lastKnownFileType = sourcecode.c.h; path = IMPBlending_metal.h; sourceTree = "<group>"; };
		31C8B81D1E5DCFA2004436EA /* IMPColorSpaces_metal.h */ = {isa = PBXFileReference; fileEncoding = 4; lastKnownFileType = sourcecode.c.h; path = IMPColorSpaces_metal.h; sourceTree = "<group>"; };
		31C8B81E1E5DCFA2004436EA /* IMPCommon_metal.h */ = {isa = PBXFileReference; fileEncoding = 4; lastKnownFileType = sourcecode.c.h; path = IMPCommon_metal.h; sourceTree = "<group>"; };
		31C8B81F1E5DCFA2004436EA /* IMPConstants_metal.h */ = {isa = PBXFileReference; fileEncoding = 4; lastKnownFileType = sourcecode.c.h; path = IMPConstants_metal.h; sourceTree = "<group>"; };
		31C8B8201E5DCFA2004436EA /* IMPFlowControl_metal.h */ = {isa = PBXFileReference; fileEncoding = 4; lastKnownFileType = sourcecode.c.h; path = IMPFlowControl_metal.h; sourceTree = "<group>"; };
		31C8B8211E5DCFA2004436EA /* IMPGaussianBlur_metal.h */ = {isa = PBXFileReference; fileEncoding = 4; lastKnownFileType = sourcecode.c.h; path = IMPGaussianBlur_metal.h; sourceTree = "<group>"; };
		31C8B8221E5DCFA2004436EA /* IMPGeometry_metal.h */ = {isa = PBXFileReference; fileEncoding = 4; lastKnownFileType = sourcecode.c.h; path = IMPGeometry_metal.h; sourceTree = "<group>"; };
		31C8B8231E5DCFA2004436EA /* IMProcessing_metal.h */ = {isa = PBXFileReference; fileEncoding = 4; lastKnownFileType = sourcecode.c.h; path = IMProcessing_metal.h; sourceTree = "<group>"; };
		31C8B8241E5DCFA2004436EA /* IMProcessingUI_metal.h */ = {isa = PBXFileReference; fileEncoding = 4; lastKnownFileType = sourcecode.c.h; path = IMProcessingUI_metal.h; sourceTree = "<group>"; };
		31C8B8251E5DCFA2004436EA /* IMPStdlib_metal.h */ = {isa = PBXFileReference; fileEncoding = 4; lastKnownFileType = sourcecode.c.h; path = IMPStdlib_metal.h; sourceTree = "<group>"; };
		31C8B8261E5DCFA2004436EA /* IMPSwift-Bridging-Metal.h */ = {isa = PBXFileReference; fileEncoding = 4; lastKnownFileType = sourcecode.c.h; path = "IMPSwift-Bridging-Metal.h"; sourceTree = "<group>"; };
		31C8B8271E5DCFA2004436EA /* IMPVignette_metal.h */ = {isa = PBXFileReference; fileEncoding = 4; lastKnownFileType = sourcecode.c.h; path = IMPVignette_metal.h; sourceTree = "<group>"; };
		31C8B8291E5DCFA2004436EA /* IMPDequeue.swift */ = {isa = PBXFileReference; fileEncoding = 4; lastKnownFileType = sourcecode.swift; path = IMPDequeue.swift; sourceTree = "<group>"; };
		31C8B82A1E5DCFA2004436EA /* IMPExif.h */ = {isa = PBXFileReference; fileEncoding = 4; lastKnownFileType = sourcecode.c.h; path = IMPExif.h; sourceTree = "<group>"; };
		31C8B82B1E5DCFA2004436EA /* IMPQueue.swift */ = {isa = PBXFileReference; fileEncoding = 4; lastKnownFileType = sourcecode.swift; path = IMPQueue.swift; sourceTree = "<group>"; };
		832E7C664916882581B6B378 /* Pods_IMPCameraManager.framework */ = {isa = PBXFileReference; explicitFileType = wrapper.framework; includeInIndex = 0; path = Pods_IMPCameraManager.framework; sourceTree = BUILT_PRODUCTS_DIR; };
		C3B5B9CF809540FC64CCEC2B /* Pods-IMPCameraManager.release.xcconfig */ = {isa = PBXFileReference; includeInIndex = 1; lastKnownFileType = text.xcconfig; name = "Pods-IMPCameraManager.release.xcconfig"; path = "Pods/Target Support Files/Pods-IMPCameraManager/Pods-IMPCameraManager.release.xcconfig"; sourceTree = "<group>"; };
/* End PBXFileReference section */

/* Begin PBXFrameworksBuildPhase section */
		3161D1901E58517C00273F0D /* Frameworks */ = {
			isa = PBXFrameworksBuildPhase;
			buildActionMask = 2147483647;
			files = (
				2C46FA4E6F180CB336946925 /* Pods_IMPCameraManager.framework in Frameworks */,
			);
			runOnlyForDeploymentPostprocessing = 0;
		};
/* End PBXFrameworksBuildPhase section */

/* Begin PBXGroup section */
		3161D18A1E58517C00273F0D = {
			isa = PBXGroup;
			children = (
				3161D1951E58517C00273F0D /* IMPCameraManager */,
				3161D1941E58517C00273F0D /* Products */,
				8B68A2F77A30C6FDE08CE765 /* Pods */,
				BF515C9102961F93A6940F2A /* Frameworks */,
			);
			sourceTree = "<group>";
		};
		3161D1941E58517C00273F0D /* Products */ = {
			isa = PBXGroup;
			children = (
				3161D1931E58517C00273F0D /* IMPCameraManager.app */,
			);
			name = Products;
			sourceTree = "<group>";
		};
		3161D1951E58517C00273F0D /* IMPCameraManager */ = {
			isa = PBXGroup;
			children = (
				31C8B7E81E5DCFA2004436EA /* Classes */,
				316A3CD41E58583B005BB909 /* Shaders */,
				3161D1961E58517C00273F0D /* AppDelegate.swift */,
				3161D1981E58517C00273F0D /* ViewController.swift */,
				3161D19A1E58517C00273F0D /* Main.storyboard */,
				3161D19D1E58517C00273F0D /* Assets.xcassets */,
				316A3D101E586FD8005BB909 /* Images.xcassets */,
				3161D19F1E58517C00273F0D /* LaunchScreen.storyboard */,
				3161D1A21E58517C00273F0D /* Info.plist */,
			);
			path = IMPCameraManager;
			sourceTree = "<group>";
		};
		316A3CD41E58583B005BB909 /* Shaders */ = {
			isa = PBXGroup;
			children = (
				316A3CD51E585857005BB909 /* IMPCamera_main.metal */,
			);
			name = Shaders;
			sourceTree = "<group>";
		};
		31C8B7E81E5DCFA2004436EA /* Classes */ = {
			isa = PBXGroup;
			children = (
				31C8B7E91E5DCFA2004436EA /* Base */,
				31C8B7F71E5DCFA2004436EA /* Bridging */,
				31C8B7FD1E5DCFA2004436EA /* Common */,
				31C8B8051E5DCFA2004436EA /* Convolutions */,
				31C8B8071E5DCFA2004436EA /* Devices */,
				31C8B80D1E5DCFA2004436EA /* FrontEnd */,
				31C8B8121E5DCFA2004436EA /* Math */,
				31C8B8141E5DCFA2004436EA /* Providers */,
				31C8B81B1E5DCFA2004436EA /* Shaders */,
				31C8B8281E5DCFA2004436EA /* Utils */,
			);
			name = Classes;
			path = ../../../../IMProcessing/Classes;
			sourceTree = "<group>";
		};
		31C8B7E91E5DCFA2004436EA /* Base */ = {
			isa = PBXGroup;
			children = (
				31C8B7EA1E5DCFA2004436EA /* Graphics */,
				31C8B7EF1E5DCFA2004436EA /* IMPFilter.swift */,
				31C8B7F01E5DCFA2004436EA /* IMPFunction.swift */,
				31C8B7F11E5DCFA2004436EA /* IMPShader.swift */,
				31C8B7F21E5DCFA2004436EA /* Processors */,
			);
			path = Base;
			sourceTree = "<group>";
		};
		31C8B7EA1E5DCFA2004436EA /* Graphics */ = {
			isa = PBXGroup;
			children = (
				31C8B7EB1E5DCFA2004436EA /* IMPPhotoPlate.swift */,
				31C8B7EC1E5DCFA2004436EA /* IMPQuad.swift */,
				31C8B7ED1E5DCFA2004436EA /* IMPTransformModel.swift */,
				31C8B7EE1E5DCFA2004436EA /* IMPVertices.swift */,
			);
			path = Graphics;
			sourceTree = "<group>";
		};
		31C8B7F21E5DCFA2004436EA /* Processors */ = {
			isa = PBXGroup;
			children = (
				31C8B7F31E5DCFA2004436EA /* IMPCIFilter.swift */,
				31C8B7F41E5DCFA2004436EA /* MPSProcessor.swift */,
				31C8B7F51E5DCFA2004436EA /* MTLProcessor.swift */,
				31C8B7F61E5DCFA2004436EA /* MTLShader.swift */,
			);
			path = Processors;
			sourceTree = "<group>";
		};
		31C8B7F71E5DCFA2004436EA /* Bridging */ = {
			isa = PBXGroup;
			children = (
				31C8B7F81E5DCFA2004436EA /* IMPConstants-Bridging-Metal.h */,
				31C8B7F91E5DCFA2004436EA /* IMPHistogramTypes-Bridging-Metal.h */,
				31C8B7FA1E5DCFA2004436EA /* IMPOperations-Bridgin-Metal.h */,
				31C8B7FB1E5DCFA2004436EA /* IMProcessing-Bridging-Header.h */,
				31C8B7FC1E5DCFA2004436EA /* IMPTypes-Bridging-Metal.h */,
			);
			path = Bridging;
			sourceTree = "<group>";
		};
		31C8B7FD1E5DCFA2004436EA /* Common */ = {
			isa = PBXGroup;
			children = (
				31C8B7FE1E5DCFA2004436EA /* IMPColor.swift */,
				31C8B7FF1E5DCFA2004436EA /* IMPContext.swift */,
				31C8B8001E5DCFA2004436EA /* IMPNumericTypes.swift */,
				31C8B8011E5DCFA2004436EA /* IMPRgbHsv.swift */,
				31C8B8021E5DCFA2004436EA /* IMProcessing.swift */,
				31C8B8031E5DCFA2004436EA /* IMPSimd.swift */,
				31C8B8041E5DCFA2004436EA /* IMPTypeAliases .swift */,
			);
			path = Common;
			sourceTree = "<group>";
		};
		31C8B8051E5DCFA2004436EA /* Convolutions */ = {
			isa = PBXGroup;
			children = (
				31C8B8061E5DCFA2004436EA /* IMPGaussianBlur.swift */,
			);
			path = Convolutions;
			sourceTree = "<group>";
		};
		31C8B8071E5DCFA2004436EA /* Devices */ = {
			isa = PBXGroup;
			children = (
				31C8B8081E5DCFA2004436EA /* IMPCameraManager.swift */,
				31C8B8091E5DCFA2004436EA /* IMPMotionManager.swift */,
				31C8B80A1E5DCFA2004436EA /* Sessions */,
			);
			path = Devices;
			sourceTree = "<group>";
		};
		31C8B80A1E5DCFA2004436EA /* Sessions */ = {
			isa = PBXGroup;
			children = (
				31C8B80B1E5DCFA2004436EA /* IMPAVSession.swift */,
				31C8B80C1E5DCFA2004436EA /* IMPCameraSession.swift */,
			);
			path = Sessions;
			sourceTree = "<group>";
		};
		31C8B80D1E5DCFA2004436EA /* FrontEnd */ = {
			isa = PBXGroup;
			children = (
				31C8B80E1E5DCFA2004436EA /* IMPGLView.swift */,
				31C8B80F1E5DCFA2004436EA /* IMPView.swift */,
				31C8B8101E5DCFA2004436EA /* Privates */,
			);
			path = FrontEnd;
			sourceTree = "<group>";
		};
		31C8B8101E5DCFA2004436EA /* Privates */ = {
			isa = PBXGroup;
			children = (
				31C8B8111E5DCFA2004436EA /* IMPFilterView.swift */,
			);
			path = Privates;
			sourceTree = "<group>";
		};
		31C8B8121E5DCFA2004436EA /* Math */ = {
			isa = PBXGroup;
			children = (
				31C8B8131E5DCFA2004436EA /* IMPDistribution.swift */,
			);
			path = Math;
			sourceTree = "<group>";
		};
		31C8B8141E5DCFA2004436EA /* Providers */ = {
			isa = PBXGroup;
			children = (
				31C8B8151E5DCFA2004436EA /* IMPImage.swift */,
				31C8B8161E5DCFA2004436EA /* IMPImageProvider.swift */,
				31C8B8171E5DCFA2004436EA /* IMPTextureCache.swift */,
				31C8B8181E5DCFA2004436EA /* IMPTextureDelayLine.swift */,
				31C8B8191E5DCFA2004436EA /* IMPTextureProvider.swift */,
				31C8B81A1E5DCFA2004436EA /* IMPVideoCache.swift */,
			);
			path = Providers;
			sourceTree = "<group>";
		};
		31C8B81B1E5DCFA2004436EA /* Shaders */ = {
			isa = PBXGroup;
			children = (
				31C8B81C1E5DCFA2004436EA /* IMPBlending_metal.h */,
				31C8B81D1E5DCFA2004436EA /* IMPColorSpaces_metal.h */,
				31C8B81E1E5DCFA2004436EA /* IMPCommon_metal.h */,
				31C8B81F1E5DCFA2004436EA /* IMPConstants_metal.h */,
				31C8B8201E5DCFA2004436EA /* IMPFlowControl_metal.h */,
				31C8B8211E5DCFA2004436EA /* IMPGaussianBlur_metal.h */,
				31C8B8221E5DCFA2004436EA /* IMPGeometry_metal.h */,
				31C8B8231E5DCFA2004436EA /* IMProcessing_metal.h */,
				31C8B8241E5DCFA2004436EA /* IMProcessingUI_metal.h */,
				31C8B8251E5DCFA2004436EA /* IMPStdlib_metal.h */,
				31C8B8261E5DCFA2004436EA /* IMPSwift-Bridging-Metal.h */,
				31C8B8271E5DCFA2004436EA /* IMPVignette_metal.h */,
			);
			path = Shaders;
			sourceTree = "<group>";
		};
		31C8B8281E5DCFA2004436EA /* Utils */ = {
			isa = PBXGroup;
			children = (
				31C8B8291E5DCFA2004436EA /* IMPDequeue.swift */,
				31C8B82A1E5DCFA2004436EA /* IMPExif.h */,
				31C8B82B1E5DCFA2004436EA /* IMPQueue.swift */,
			);
			path = Utils;
			sourceTree = "<group>";
		};
		8B68A2F77A30C6FDE08CE765 /* Pods */ = {
			isa = PBXGroup;
			children = (
				0B11A808AF1BADA2F66ADBAB /* Pods-IMPCameraManager.debug.xcconfig */,
				C3B5B9CF809540FC64CCEC2B /* Pods-IMPCameraManager.release.xcconfig */,
			);
			name = Pods;
			sourceTree = "<group>";
		};
		BF515C9102961F93A6940F2A /* Frameworks */ = {
			isa = PBXGroup;
			children = (
				832E7C664916882581B6B378 /* Pods_IMPCameraManager.framework */,
			);
			name = Frameworks;
			sourceTree = "<group>";
		};
/* End PBXGroup section */

/* Begin PBXNativeTarget section */
		3161D1921E58517C00273F0D /* IMPCameraManager */ = {
			isa = PBXNativeTarget;
			buildConfigurationList = 3161D1A51E58517C00273F0D /* Build configuration list for PBXNativeTarget "IMPCameraManager" */;
			buildPhases = (
				FD72DD96F81FE11B6D21CFD9 /* [CP] Check Pods Manifest.lock */,
				3161D18F1E58517C00273F0D /* Sources */,
				3161D1901E58517C00273F0D /* Frameworks */,
				3161D1911E58517C00273F0D /* Resources */,
				26863D2BC74F550671853E75 /* [CP] Embed Pods Frameworks */,
				25A5ED7B8EDF6871047990D9 /* [CP] Copy Pods Resources */,
			);
			buildRules = (
			);
			dependencies = (
			);
			name = IMPCameraManager;
			productName = IMPCameraManager;
			productReference = 3161D1931E58517C00273F0D /* IMPCameraManager.app */;
			productType = "com.apple.product-type.application";
		};
/* End PBXNativeTarget section */

/* Begin PBXProject section */
		3161D18B1E58517C00273F0D /* Project object */ = {
			isa = PBXProject;
			attributes = {
				LastSwiftUpdateCheck = 0820;
				LastUpgradeCheck = 0820;
				ORGANIZATIONNAME = Dehancer;
				TargetAttributes = {
					3161D1921E58517C00273F0D = {
						CreatedOnToolsVersion = 8.2.1;
						DevelopmentTeam = TCA85S5T49;
						LastSwiftMigration = 0820;
						ProvisioningStyle = Automatic;
					};
				};
			};
			buildConfigurationList = 3161D18E1E58517C00273F0D /* Build configuration list for PBXProject "IMPCameraManager" */;
			compatibilityVersion = "Xcode 3.2";
			developmentRegion = English;
			hasScannedForEncodings = 0;
			knownRegions = (
				en,
				Base,
			);
			mainGroup = 3161D18A1E58517C00273F0D;
			productRefGroup = 3161D1941E58517C00273F0D /* Products */;
			projectDirPath = "";
			projectRoot = "";
			targets = (
				3161D1921E58517C00273F0D /* IMPCameraManager */,
			);
		};
/* End PBXProject section */

/* Begin PBXResourcesBuildPhase section */
		3161D1911E58517C00273F0D /* Resources */ = {
			isa = PBXResourcesBuildPhase;
			buildActionMask = 2147483647;
			files = (
				3161D1A11E58517C00273F0D /* LaunchScreen.storyboard in Resources */,
				316A3D111E586FD8005BB909 /* Images.xcassets in Resources */,
				3161D19E1E58517C00273F0D /* Assets.xcassets in Resources */,
				3161D19C1E58517C00273F0D /* Main.storyboard in Resources */,
			);
			runOnlyForDeploymentPostprocessing = 0;
		};
/* End PBXResourcesBuildPhase section */

/* Begin PBXShellScriptBuildPhase section */
		25A5ED7B8EDF6871047990D9 /* [CP] Copy Pods Resources */ = {
			isa = PBXShellScriptBuildPhase;
			buildActionMask = 2147483647;
			files = (
			);
			inputPaths = (
			);
			name = "[CP] Copy Pods Resources";
			outputPaths = (
			);
			runOnlyForDeploymentPostprocessing = 0;
			shellPath = /bin/sh;
			shellScript = "\"${SRCROOT}/Pods/Target Support Files/Pods-IMPCameraManager/Pods-IMPCameraManager-resources.sh\"\n";
			showEnvVarsInLog = 0;
		};
		26863D2BC74F550671853E75 /* [CP] Embed Pods Frameworks */ = {
			isa = PBXShellScriptBuildPhase;
			buildActionMask = 2147483647;
			files = (
			);
			inputPaths = (
			);
			name = "[CP] Embed Pods Frameworks";
			outputPaths = (
			);
			runOnlyForDeploymentPostprocessing = 0;
			shellPath = /bin/sh;
			shellScript = "\"${SRCROOT}/Pods/Target Support Files/Pods-IMPCameraManager/Pods-IMPCameraManager-frameworks.sh\"\n";
			showEnvVarsInLog = 0;
		};
		FD72DD96F81FE11B6D21CFD9 /* [CP] Check Pods Manifest.lock */ = {
			isa = PBXShellScriptBuildPhase;
			buildActionMask = 2147483647;
			files = (
			);
			inputPaths = (
			);
			name = "[CP] Check Pods Manifest.lock";
			outputPaths = (
			);
			runOnlyForDeploymentPostprocessing = 0;
			shellPath = /bin/sh;
			shellScript = "diff \"${PODS_ROOT}/../Podfile.lock\" \"${PODS_ROOT}/Manifest.lock\" > /dev/null\nif [ $? != 0 ] ; then\n    # print error to STDERR\n    echo \"error: The sandbox is not in sync with the Podfile.lock. Run 'pod install' or update your CocoaPods installation.\" >&2\n    exit 1\nfi\n";
			showEnvVarsInLog = 0;
		};
/* End PBXShellScriptBuildPhase section */

/* Begin PBXSourcesBuildPhase section */
		3161D18F1E58517C00273F0D /* Sources */ = {
			isa = PBXSourcesBuildPhase;
			buildActionMask = 2147483647;
			files = (
				31C8B8401E5DCFA2004436EA /* IMPMotionManager.swift in Sources */,
				31C8B82C1E5DCFA2004436EA /* IMPPhotoPlate.swift in Sources */,
				31C8B84E1E5DCFA2004436EA /* IMPQueue.swift in Sources */,
				31C8B83F1E5DCFA2004436EA /* IMPCameraManager.swift in Sources */,
				31C8B82F1E5DCFA2004436EA /* IMPVertices.swift in Sources */,
				31C8B84A1E5DCFA2004436EA /* IMPTextureDelayLine.swift in Sources */,
				31C8B8461E5DCFA2004436EA /* IMPDistribution.swift in Sources */,
				31C8B8481E5DCFA2004436EA /* IMPImageProvider.swift in Sources */,
				31C8B8391E5DCFA2004436EA /* IMPNumericTypes.swift in Sources */,
				3161D1991E58517C00273F0D /* ViewController.swift in Sources */,
				31C8B8311E5DCFA2004436EA /* IMPFunction.swift in Sources */,
				316A3CD61E585857005BB909 /* IMPCamera_main.metal in Sources */,
				31C8B84C1E5DCFA2004436EA /* IMPVideoCache.swift in Sources */,
				31C8B8491E5DCFA2004436EA /* IMPTextureCache.swift in Sources */,
				31C8B83E1E5DCFA2004436EA /* IMPGaussianBlur.swift in Sources */,
				31C8B83A1E5DCFA2004436EA /* IMPRgbHsv.swift in Sources */,
				31C8B8451E5DCFA2004436EA /* IMPFilterView.swift in Sources */,
				31C8B8431E5DCFA2004436EA /* IMPGLView.swift in Sources */,
				31C8B84D1E5DCFA2004436EA /* IMPDequeue.swift in Sources */,
				31C8B83C1E5DCFA2004436EA /* IMPSimd.swift in Sources */,
				31C8B8411E5DCFA2004436EA /* IMPAVSession.swift in Sources */,
				31C8B8471E5DCFA2004436EA /* IMPImage.swift in Sources */,
				31C8B8421E5DCFA2004436EA /* IMPCameraSession.swift in Sources */,
				31C8B8321E5DCFA2004436EA /* IMPShader.swift in Sources */,
				31C8B8381E5DCFA2004436EA /* IMPContext.swift in Sources */,
				31C8B8331E5DCFA2004436EA /* IMPCIFilter.swift in Sources */,
				31C8B82E1E5DCFA2004436EA /* IMPTransformModel.swift in Sources */,
				3161D1971E58517C00273F0D /* AppDelegate.swift in Sources */,
				31C8B8341E5DCFA2004436EA /* MPSProcessor.swift in Sources */,
				31C8B8371E5DCFA2004436EA /* IMPColor.swift in Sources */,
				31C8B8301E5DCFA2004436EA /* IMPFilter.swift in Sources */,
				31C8B8351E5DCFA2004436EA /* MTLProcessor.swift in Sources */,
				31C8B8361E5DCFA2004436EA /* MTLShader.swift in Sources */,
				31C8B82D1E5DCFA2004436EA /* IMPQuad.swift in Sources */,
				31C8B8441E5DCFA2004436EA /* IMPView.swift in Sources */,
				31C8B83B1E5DCFA2004436EA /* IMProcessing.swift in Sources */,
				31C8B84B1E5DCFA2004436EA /* IMPTextureProvider.swift in Sources */,
				31C8B83D1E5DCFA2004436EA /* IMPTypeAliases .swift in Sources */,
			);
			runOnlyForDeploymentPostprocessing = 0;
		};
/* End PBXSourcesBuildPhase section */

/* Begin PBXVariantGroup section */
		3161D19A1E58517C00273F0D /* Main.storyboard */ = {
			isa = PBXVariantGroup;
			children = (
				3161D19B1E58517C00273F0D /* Base */,
			);
			name = Main.storyboard;
			sourceTree = "<group>";
		};
		3161D19F1E58517C00273F0D /* LaunchScreen.storyboard */ = {
			isa = PBXVariantGroup;
			children = (
				3161D1A01E58517C00273F0D /* Base */,
			);
			name = LaunchScreen.storyboard;
			sourceTree = "<group>";
		};
/* End PBXVariantGroup section */

/* Begin XCBuildConfiguration section */
		3161D1A31E58517C00273F0D /* Debug */ = {
			isa = XCBuildConfiguration;
			buildSettings = {
				ALWAYS_SEARCH_USER_PATHS = NO;
				CLANG_ANALYZER_NONNULL = YES;
				CLANG_CXX_LANGUAGE_STANDARD = "gnu++0x";
				CLANG_CXX_LIBRARY = "libc++";
				CLANG_ENABLE_MODULES = YES;
				CLANG_ENABLE_OBJC_ARC = YES;
				CLANG_WARN_BOOL_CONVERSION = YES;
				CLANG_WARN_CONSTANT_CONVERSION = YES;
				CLANG_WARN_DIRECT_OBJC_ISA_USAGE = YES_ERROR;
				CLANG_WARN_DOCUMENTATION_COMMENTS = YES;
				CLANG_WARN_EMPTY_BODY = YES;
				CLANG_WARN_ENUM_CONVERSION = YES;
				CLANG_WARN_INFINITE_RECURSION = YES;
				CLANG_WARN_INT_CONVERSION = YES;
				CLANG_WARN_OBJC_ROOT_CLASS = YES_ERROR;
				CLANG_WARN_SUSPICIOUS_MOVE = YES;
				CLANG_WARN_UNREACHABLE_CODE = YES;
				CLANG_WARN__DUPLICATE_METHOD_MATCH = YES;
				"CODE_SIGN_IDENTITY[sdk=iphoneos*]" = "iPhone Developer";
				COPY_PHASE_STRIP = NO;
				DEAD_CODE_STRIPPING = NO;
				DEBUG_INFORMATION_FORMAT = "dwarf-with-dsym";
				ENABLE_STRICT_OBJC_MSGSEND = YES;
				ENABLE_TESTABILITY = YES;
				GCC_C_LANGUAGE_STANDARD = gnu99;
				GCC_DYNAMIC_NO_PIC = NO;
				GCC_NO_COMMON_BLOCKS = YES;
				GCC_OPTIMIZATION_LEVEL = 0;
				GCC_PREPROCESSOR_DEFINITIONS = (
					"DEBUG=1",
					"$(inherited)",
				);
				GCC_WARN_64_TO_32_BIT_CONVERSION = YES;
				GCC_WARN_ABOUT_RETURN_TYPE = YES_ERROR;
				GCC_WARN_UNDECLARED_SELECTOR = YES;
				GCC_WARN_UNINITIALIZED_AUTOS = YES_AGGRESSIVE;
				GCC_WARN_UNUSED_FUNCTION = YES;
				GCC_WARN_UNUSED_VARIABLE = YES;
				IPHONEOS_DEPLOYMENT_TARGET = 10.2;
				MTL_ENABLE_DEBUG_INFO = YES;
				ONLY_ACTIVE_ARCH = YES;
				SDKROOT = iphoneos;
				SWIFT_ACTIVE_COMPILATION_CONDITIONS = DEBUG;
				SWIFT_OPTIMIZATION_LEVEL = "-Onone";
			};
			name = Debug;
		};
		3161D1A41E58517C00273F0D /* Release */ = {
			isa = XCBuildConfiguration;
			buildSettings = {
				ALWAYS_SEARCH_USER_PATHS = NO;
				CLANG_ANALYZER_NONNULL = YES;
				CLANG_CXX_LANGUAGE_STANDARD = "gnu++0x";
				CLANG_CXX_LIBRARY = "libc++";
				CLANG_ENABLE_MODULES = YES;
				CLANG_ENABLE_OBJC_ARC = YES;
				CLANG_WARN_BOOL_CONVERSION = YES;
				CLANG_WARN_CONSTANT_CONVERSION = YES;
				CLANG_WARN_DIRECT_OBJC_ISA_USAGE = YES_ERROR;
				CLANG_WARN_DOCUMENTATION_COMMENTS = YES;
				CLANG_WARN_EMPTY_BODY = YES;
				CLANG_WARN_ENUM_CONVERSION = YES;
				CLANG_WARN_INFINITE_RECURSION = YES;
				CLANG_WARN_INT_CONVERSION = YES;
				CLANG_WARN_OBJC_ROOT_CLASS = YES_ERROR;
				CLANG_WARN_SUSPICIOUS_MOVE = YES;
				CLANG_WARN_UNREACHABLE_CODE = YES;
				CLANG_WARN__DUPLICATE_METHOD_MATCH = YES;
				"CODE_SIGN_IDENTITY[sdk=iphoneos*]" = "iPhone Developer";
				COPY_PHASE_STRIP = NO;
				DEAD_CODE_STRIPPING = NO;
				DEBUG_INFORMATION_FORMAT = "dwarf-with-dsym";
				ENABLE_NS_ASSERTIONS = NO;
				ENABLE_STRICT_OBJC_MSGSEND = YES;
				ENABLE_TESTABILITY = YES;
				GCC_C_LANGUAGE_STANDARD = gnu99;
				GCC_NO_COMMON_BLOCKS = YES;
				GCC_WARN_64_TO_32_BIT_CONVERSION = YES;
				GCC_WARN_ABOUT_RETURN_TYPE = YES_ERROR;
				GCC_WARN_UNDECLARED_SELECTOR = YES;
				GCC_WARN_UNINITIALIZED_AUTOS = YES_AGGRESSIVE;
				GCC_WARN_UNUSED_FUNCTION = YES;
				GCC_WARN_UNUSED_VARIABLE = YES;
				IPHONEOS_DEPLOYMENT_TARGET = 10.2;
				MTL_ENABLE_DEBUG_INFO = NO;
				SDKROOT = iphoneos;
				SWIFT_OPTIMIZATION_LEVEL = "-Owholemodule";
				VALIDATE_PRODUCT = YES;
			};
			name = Release;
		};
		3161D1A61E58517C00273F0D /* Debug */ = {
			isa = XCBuildConfiguration;
			baseConfigurationReference = 0B11A808AF1BADA2F66ADBAB /* Pods-IMPCameraManager.debug.xcconfig */;
			buildSettings = {
				ASSETCATALOG_COMPILER_APPICON_NAME = AppIcon;
				CLANG_ENABLE_MODULES = YES;
				DEAD_CODE_STRIPPING = YES;
				DEBUG_INFORMATION_FORMAT = "dwarf-with-dsym";
				DEVELOPMENT_TEAM = TCA85S5T49;
				ENABLE_BITCODE = NO;
				GCC_STRICT_ALIASING = NO;
				INFOPLIST_FILE = IMPCameraManager/Info.plist;
				LD_RUNPATH_SEARCH_PATHS = "$(inherited) @executable_path/Frameworks";
				MTL_FAST_MATH = YES;
				MTL_HEADER_SEARCH_PATHS = "../../../IMProcessing/Classes/Shaders ../../../IMProcessing/Classes/Bridging";
				MTL_OPTIMIZATION_LEVEL = 0;
				OTHER_SWIFT_FLAGS = "$(inherited) \"-D\" \"COCOAPODS\" -D DEBUG";
				PRODUCT_BUNDLE_IDENTIFIER = Dehancer.IMPCameraManager;
				PRODUCT_NAME = "$(TARGET_NAME)";
				SWIFT_DISABLE_SAFETY_CHECKS = YES;
				SWIFT_OBJC_BRIDGING_HEADER = "../../../IMProcessing/Classes/Bridging/IMProcessing-Bridging-Header.h";
				SWIFT_OPTIMIZATION_LEVEL = "-Onone";
				SWIFT_VERSION = 3.0;
			};
			name = Debug;
		};
		3161D1A71E58517C00273F0D /* Release */ = {
			isa = XCBuildConfiguration;
			baseConfigurationReference = C3B5B9CF809540FC64CCEC2B /* Pods-IMPCameraManager.release.xcconfig */;
			buildSettings = {
				ASSETCATALOG_COMPILER_APPICON_NAME = AppIcon;
				CLANG_ENABLE_MODULES = YES;
				DEAD_CODE_STRIPPING = YES;
				DEBUG_INFORMATION_FORMAT = "dwarf-with-dsym";
				DEVELOPMENT_TEAM = TCA85S5T49;
				ENABLE_BITCODE = NO;
				GCC_FAST_MATH = YES;
				INFOPLIST_FILE = IMPCameraManager/Info.plist;
				LD_RUNPATH_SEARCH_PATHS = "$(inherited) @executable_path/Frameworks";
				LLVM_LTO = NO;
				MTL_FAST_MATH = YES;
				MTL_HEADER_SEARCH_PATHS = "../../../IMProcessing/Classes/Shaders ../../../IMProcessing/Classes/Bridging";
				MTL_OPTIMIZATION_LEVEL = s;
				OTHER_SWIFT_FLAGS = "$(inherited) \"-D\" \"COCOAPODS\" -D DEBUG";
				PRODUCT_BUNDLE_IDENTIFIER = Dehancer.IMPCameraManager;
				PRODUCT_NAME = "$(TARGET_NAME)";
				SWIFT_DISABLE_SAFETY_CHECKS = YES;
				SWIFT_OBJC_BRIDGING_HEADER = "../../../IMProcessing/Classes/Bridging/IMProcessing-Bridging-Header.h";
				SWIFT_VERSION = 3.0;
			};
			name = Release;
		};
/* End XCBuildConfiguration section */

/* Begin XCConfigurationList section */
		3161D18E1E58517C00273F0D /* Build configuration list for PBXProject "IMPCameraManager" */ = {
			isa = XCConfigurationList;
			buildConfigurations = (
				3161D1A31E58517C00273F0D /* Debug */,
				3161D1A41E58517C00273F0D /* Release */,
			);
			defaultConfigurationIsVisible = 0;
			defaultConfigurationName = Debug;
		};
		3161D1A51E58517C00273F0D /* Build configuration list for PBXNativeTarget "IMPCameraManager" */ = {
			isa = XCConfigurationList;
			buildConfigurations = (
				3161D1A61E58517C00273F0D /* Debug */,
				3161D1A71E58517C00273F0D /* Release */,
			);
			defaultConfigurationIsVisible = 0;
			defaultConfigurationName = Debug;
		};
/* End XCConfigurationList section */
	};
	rootObject = 3161D18B1E58517C00273F0D /* Project object */;
}
